
Microsoft Visual Studio Solution File, Format Version 12.00
# Visual Studio Version 17
VisualStudioVersion = 17.4.33110.190
MinimumVisualStudioVersion = 10.0.40219.1
Project("{FAE04EC0-301F-11D3-BF4B-00C04F79EFBC}") = "Exam_RabbitVsTurtle", "Exam_RabbitVsTurtle\Exam_RabbitVsTurtle.csproj", "{A528331A-364F-4EC9-A505-E5C39A5211B5}"
EndProject
Global
	GlobalSection(SolutionConfigurationPlatforms) = preSolution
		Debug|Any CPU = Debug|Any CPU
		Release|Any CPU = Release|Any CPU
	EndGlobalSection
	GlobalSection(ProjectConfigurationPlatforms) = postSolution
		{A528331A-364F-4EC9-A505-E5C39A5211B5}.Debug|Any CPU.ActiveCfg = Debug|Any CPU
		{A528331A-364F-4EC9-A505-E5C39A5211B5}.Debug|Any CPU.Build.0 = Debug|Any CPU
		{A528331A-364F-4EC9-A505-E5C39A5211B5}.Release|Any CPU.ActiveCfg = Release|Any CPU
		{A528331A-364F-4EC9-A505-E5C39A5211B5}.Release|Any CPU.Build.0 = Release|Any CPU
	EndGlobalSection
	GlobalSection(SolutionProperties) = preSolution
		HideSolutionNode = FALSE
	EndGlobalSection
	GlobalSection(ExtensibilityGlobals) = postSolution
		SolutionGuid = {14D6DB77-4A69-47BC-97DC-7D33666CD04F}
	EndGlobalSection
EndGlobal
