
Microsoft Visual Studio Solution File, Format Version 12.00
# Visual Studio Version 17
VisualStudioVersion = 17.3.32825.248
MinimumVisualStudioVersion = 10.0.40219.1
Project("{FAE04EC0-301F-11D3-BF4B-00C04F79EFBC}") = "Ejercicio3", "Ejercicio3\Ejercicio3.csproj", "{1C0AC9A8-7C2A-4840-B971-80D71C8DDF49}"
EndProject
Global
	GlobalSection(SolutionConfigurationPlatforms) = preSolution
		Debug|Any CPU = Debug|Any CPU
		Release|Any CPU = Release|Any CPU
	EndGlobalSection
	GlobalSection(ProjectConfigurationPlatforms) = postSolution
		{1C0AC9A8-7C2A-4840-B971-80D71C8DDF49}.Debug|Any CPU.ActiveCfg = Debug|Any CPU
		{1C0AC9A8-7C2A-4840-B971-80D71C8DDF49}.Debug|Any CPU.Build.0 = Debug|Any CPU
		{1C0AC9A8-7C2A-4840-B971-80D71C8DDF49}.Release|Any CPU.ActiveCfg = Release|Any CPU
		{1C0AC9A8-7C2A-4840-B971-80D71C8DDF49}.Release|Any CPU.Build.0 = Release|Any CPU
	EndGlobalSection
	GlobalSection(SolutionProperties) = preSolution
		HideSolutionNode = FALSE
	EndGlobalSection
	GlobalSection(ExtensibilityGlobals) = postSolution
		SolutionGuid = {4632140E-C523-4D06-92F3-D8E2D78301E7}
	EndGlobalSection
EndGlobal
